
Microsoft Visual Studio Solution File, Format Version 12.00
# Visual Studio Version 17
VisualStudioVersion = 17.4.33213.308
MinimumVisualStudioVersion = 10.0.40219.1
Project("{FAE04EC0-301F-11D3-BF4B-00C04F79EFBC}") = "WinFormsApp1", "WinFormsApp1.csproj", "{6CB74EA5-C745-40B9-9FCE-CF952DA4AD68}"
EndProject
Global
	GlobalSection(SolutionConfigurationPlatforms) = preSolution
		Debug|Any CPU = Debug|Any CPU
		Release|Any CPU = Release|Any CPU
	EndGlobalSection
	GlobalSection(ProjectConfigurationPlatforms) = postSolution
		{6CB74EA5-C745-40B9-9FCE-CF952DA4AD68}.Debug|Any CPU.ActiveCfg = Debug|Any CPU
		{6CB74EA5-C745-40B9-9FCE-CF952DA4AD68}.Debug|Any CPU.Build.0 = Debug|Any CPU
		{6CB74EA5-C745-40B9-9FCE-CF952DA4AD68}.Release|Any CPU.ActiveCfg = Release|Any CPU
		{6CB74EA5-C745-40B9-9FCE-CF952DA4AD68}.Release|Any CPU.Build.0 = Release|Any CPU
	EndGlobalSection
	GlobalSection(SolutionProperties) = preSolution
		HideSolutionNode = FALSE
	EndGlobalSection
	GlobalSection(ExtensibilityGlobals) = postSolution
		SolutionGuid = {90E32B1D-27B0-42FC-92E7-9F75887DCE95}
	EndGlobalSection
EndGlobal
